{
  "requires": true,
  "lockfileVersion": 1,
  "dependencies": {
    "@alloc/types": {
      "version": "1.3.0",
      "resolved": "https://registry.npmjs.org/@alloc/types/-/types-1.3.0.tgz",
      "integrity": "sha512-mH7LiFiq9g6rX2tvt1LtwsclfG5hnsmtIfkZiauAGrm1AwXhoRS0sF2WrN9JGN7eV5vFXqNaB0eXZ3IvMsVi9g=="
    },
    "@babel/runtime": {
      "version": "7.13.10",
      "resolved": "https://registry.npmjs.org/@babel/runtime/-/runtime-7.13.10.tgz",
      "integrity": "sha512-4QPkjJq6Ns3V/RgpEahRk+AGfL0eO6RHHtTWoNNr5mO49G6B5+X6d6THgWEAvTrznU5xYpbAlVKRYcsCgh/Akw==",
      "requires": {
        "regenerator-runtime": "^0.13.4"
      }
    },
    "@emotion/is-prop-valid": {
      "version": "0.8.8",
      "resolved": "https://registry.npmjs.org/@emotion/is-prop-valid/-/is-prop-valid-0.8.8.tgz",
      "integrity": "sha512-u5WtneEAr5IDG2Wv65yhunPSMLIpuKsbuOktRojfrEiEvRyC85LgPMZI63cr7NUqT8ZIGdSVg8ZKGxIug4lXcA==",
      "requires": {
        "@emotion/memoize": "0.7.4"
      },
      "dependencies": {
        "@emotion/memoize": {
          "version": "0.7.4",
          "resolved": "https://registry.npmjs.org/@emotion/memoize/-/memoize-0.7.4.tgz",
          "integrity": "sha512-Ja/Vfqe3HpuzRsG1oBtWTHk2PGZ7GR+2Vz5iYGelAw8dx32K0y7PjVuxK6z1nMpZOqAFsRUPCkK1YjJ56qJlgw=="
        }
      }
    },
    "@emotion/memoize": {
      "version": "0.7.5",
      "resolved": "https://registry.npmjs.org/@emotion/memoize/-/memoize-0.7.5.tgz",
      "integrity": "sha512-igX9a37DR2ZPGYtV6suZ6whr8pTFtyHL3K/oLUotxpSVO2ASaprmAe2Dkq7tBo7CRY7MMDrAa9nuQP9/YG8FxQ=="
    },
    "@reach/alert": {
      "version": "0.1.5",
      "resolved": "https://registry.npmjs.org/@reach/alert/-/alert-0.1.5.tgz",
      "integrity": "sha512-Ow+SB7rokGWxmm+AdOpf4eo29OaEYDqlJ1Kc9qulVX2cKjYiHQqAvkiCkSaIPkQbbyNmEXJ0c/rVpzPVvCVIAw==",
      "requires": {
        "@reach/component-component": "^0.1.3",
        "@reach/visually-hidden": "^0.1.4"
      }
    },
    "@reach/alert-dialog": {
      "version": "0.2.9",
      "resolved": "https://registry.npmjs.org/@reach/alert-dialog/-/alert-dialog-0.2.9.tgz",
      "integrity": "sha512-1E74GlV3Bb5TMnym9Nipjcioz6lo/4a3XITrfT2SlWA7ITSNTE1I8F8jQZcoEAldVxlmxrFic/imLxewhr0j1A==",
      "requires": {
        "@reach/auto-id": "0.2.0",
        "@reach/component-component": "^0.1.3",
        "@reach/dialog": "^0.2.9",
        "@reach/utils": "^0.2.3",
        "invariant": "^2.2.4"
      }
    },
    "@reach/auto-id": {
      "version": "0.2.0",
      "resolved": "https://registry.npmjs.org/@reach/auto-id/-/auto-id-0.2.0.tgz",
      "integrity": "sha512-lVK/svL2HuQdp7jgvlrLkFsUx50Az9chAhxpiPwBqcS83I2pVWvXp98FOcSCCJCV++l115QmzHhFd+ycw1zLBg=="
    },
    "@reach/component-component": {
      "version": "0.1.3",
      "resolved": "https://registry.npmjs.org/@reach/component-component/-/component-component-0.1.3.tgz",
      "integrity": "sha512-a1USH7L3bEfDdPN4iNZGvMEFuBfkdG+QNybeyDv8RloVFgZYRoM+KGXyy2KOfEnTUM8QWDRSROwaL3+ts5Angg=="
    },
    "@reach/dialog": {
      "version": "0.2.9",
      "resolved": "https://registry.npmjs.org/@reach/dialog/-/dialog-0.2.9.tgz",
      "integrity": "sha512-4plyTRt2X4bB9A5fDFXH0bxb4aipLyAuRVMpOuA1RekFgvkxFn65em2CWYSzRsVf3aTQ2cEnYET4a5H2Qu8a5Q==",
      "requires": {
        "@reach/component-component": "^0.1.3",
        "@reach/portal": "^0.2.1",
        "@reach/utils": "^0.2.3",
        "react-focus-lock": "^1.17.7",
        "react-remove-scroll": "^1.0.2"
      }
    },
    "@reach/portal": {
      "version": "0.2.1",
      "resolved": "https://registry.npmjs.org/@reach/portal/-/portal-0.2.1.tgz",
      "integrity": "sha512-pUQ0EtCcYm4ormEjJmdk4uzZCxOpaRHB8FDKJXy6q6GqRqQwZ4lAT1f2Tvw0DAmULmyZTpe1/heXY27Tdnct+Q==",
      "requires": {
        "@reach/component-component": "^0.1.3"
      }
    },
    "@reach/utils": {
      "version": "0.2.3",
      "resolved": "https://registry.npmjs.org/@reach/utils/-/utils-0.2.3.tgz",
      "integrity": "sha512-zM9rA8jDchr05giMhL95dPeYkK67cBQnIhCVrOKKqgWGsv+2GE/HZqeptvU4zqs0BvIqsThwov+YxVNVh5csTQ=="
    },
    "@reach/visually-hidden": {
      "version": "0.1.4",
      "resolved": "https://registry.npmjs.org/@reach/visually-hidden/-/visually-hidden-0.1.4.tgz",
      "integrity": "sha512-QHbzXjflSlCvDd6vJwdwx16mSB+vUCCQMiU/wK/CgVNPibtpEiIbisyxkpZc55DyDFNUIqP91rSUsNae+ogGDQ=="
    },
    "@react-spring/animated": {
      "version": "9.0.0",
      "resolved": "https://registry.npmjs.org/@react-spring/animated/-/animated-9.0.0.tgz",
      "integrity": "sha512-6EF7iNnBJzFozqc9rhdAvqW5WAIcLO3VapGd8OjRqHPL27zHP14n9klfPx2ccSPtVqs5EbttG6a+ntiP6RUTGw==",
      "requires": {
        "@react-spring/shared": "^9.0.0",
        "@react-spring/types": "^9.0.0",
        "react-layout-effect": "^1.0.1"
      }
    },
    "@react-spring/core": {
      "version": "9.0.0",
      "resolved": "https://registry.npmjs.org/@react-spring/core/-/core-9.0.0.tgz",
      "integrity": "sha512-VE193rRuv4BKON+K+UpHhPfs2snt2ySr0bYz35Lm+7Xw9PDoV7VVsoG3p/K/zNKLJWioyUQXKI0UkbUaS3KCfQ==",
      "requires": {
        "@react-spring/animated": "^9.0.0",
        "@react-spring/shared": "^9.0.0",
        "@react-spring/types": "^9.0.0",
        "react-layout-effect": "^1.0.1"
      }
    },
    "@react-spring/konva": {
      "version": "9.0.0",
      "resolved": "https://registry.npmjs.org/@react-spring/konva/-/konva-9.0.0.tgz",
      "integrity": "sha512-eTCwVLGecs9D18ak8zj5RE6wOF/ARF1WWac/x989+NChvVGd2DgEEH+TB8kMiU/u7AvE9V2nzJBIW6dfNbdQYw==",
      "requires": {
        "@react-spring/animated": "^9.0.0",
        "@react-spring/core": "^9.0.0",
        "@react-spring/shared": "^9.0.0",
        "@react-spring/types": "^9.0.0"
      }
    },
    "@react-spring/native": {
      "version": "9.0.0",
      "resolved": "https://registry.npmjs.org/@react-spring/native/-/native-9.0.0.tgz",
      "integrity": "sha512-BvtS/zrHfdWUesrOwfhuzA0RdNwHtEGyACbsF5hvk+hPRJ7DyEI4wPvDMUCgKA1XdU7uHwFC8+F9cdiE27Vfpw==",
      "requires": {
        "@react-spring/animated": "^9.0.0",
        "@react-spring/core": "^9.0.0",
        "@react-spring/shared": "^9.0.0",
        "@react-spring/types": "^9.0.0"
      }
    },
    "@react-spring/shared": {
      "version": "9.0.0",
      "resolved": "https://registry.npmjs.org/@react-spring/shared/-/shared-9.0.0.tgz",
      "integrity": "sha512-cbVTcepW5vj5BtGwxm6DU19C1QgK55YiPiEGRQLoQuvyKo/6LUPTWg0DO+Nzti90d52hcyb2WnGA5tE8sQHifw==",
      "requires": {
        "@react-spring/types": "^9.0.0",
        "fluids": "^0.2.2",
        "rafz": "^0.1.13"
      }
    },
    "@react-spring/three": {
      "version": "9.0.0",
      "resolved": "https://registry.npmjs.org/@react-spring/three/-/three-9.0.0.tgz",
      "integrity": "sha512-UeaR+i7rSShliF5kcrp/c9E/nLQ1kBPlePVowRBBVHo4vr/6iR9U/WRyK2V+iFLPWctW3PXvolXSzKrucrkDaQ==",
      "requires": {
        "@react-spring/animated": "^9.0.0",
        "@react-spring/core": "^9.0.0",
        "@react-spring/shared": "^9.0.0",
        "@react-spring/types": "^9.0.0"
      }
    },
    "@react-spring/types": {
      "version": "9.0.0",
      "resolved": "https://registry.npmjs.org/@react-spring/types/-/types-9.0.0.tgz",
      "integrity": "sha512-29PVjz3luTk1gMV6ZjVKmyIT45tpTKd7g37hfAzYE8drm7bOC5T/kcLM+gXl2HRYCwrzXKduW7jOwjlpEmma+w==",
      "requires": {
        "@alloc/types": "^1.2.1"
      }
    },
    "@react-spring/web": {
      "version": "9.0.0",
      "resolved": "https://registry.npmjs.org/@react-spring/web/-/web-9.0.0.tgz",
      "integrity": "sha512-A75WR7eYUS1p80KQcmVOakWwXCZ/+bnGd4FhKfAm8E4Kl//ZvPXVMuOuPP8hOsxy5sd7FZkbIULOCsRvXHFRQg==",
      "requires": {
        "@react-spring/animated": "^9.0.0",
        "@react-spring/core": "^9.0.0",
        "@react-spring/shared": "^9.0.0",
        "@react-spring/types": "^9.0.0"
      }
    },
    "@react-spring/zdog": {
      "version": "9.0.0",
      "resolved": "https://registry.npmjs.org/@react-spring/zdog/-/zdog-9.0.0.tgz",
      "integrity": "sha512-DsTUnKIZnpTpsJq6O1aTr0jtjFpXbZimwYRV/Df7wH1QgZgCkFFewjQa45MC/0c7+Mgy1zCEG4BAgUstuYabNA==",
      "requires": {
        "@react-spring/animated": "^9.0.0",
        "@react-spring/core": "^9.0.0",
        "@react-spring/shared": "^9.0.0",
        "@react-spring/types": "^9.0.0"
      }
    },
    "@styled-system/background": {
      "version": "5.1.2",
      "resolved": "https://registry.npmjs.org/@styled-system/background/-/background-5.1.2.tgz",
      "integrity": "sha512-jtwH2C/U6ssuGSvwTN3ri/IyjdHb8W9X/g8Y0JLcrH02G+BW3OS8kZdHphF1/YyRklnrKrBT2ngwGUK6aqqV3A==",
      "requires": {
        "@styled-system/core": "^5.1.2"
      }
    },
    "@styled-system/border": {
      "version": "5.1.5",
      "resolved": "https://registry.npmjs.org/@styled-system/border/-/border-5.1.5.tgz",
      "integrity": "sha512-JvddhNrnhGigtzWRCVuAHepniyVi6hBlimxWDVAdcTuk7aRn9BYJUwfHslURtwYFsF5FoEs8Zmr1oZq2M1AP0A==",
      "requires": {
        "@styled-system/core": "^5.1.2"
      }
    },
    "@styled-system/color": {
      "version": "5.1.2",
      "resolved": "https://registry.npmjs.org/@styled-system/color/-/color-5.1.2.tgz",
      "integrity": "sha512-1kCkeKDZkt4GYkuFNKc7vJQMcOmTl3bJY3YBUs7fCNM6mMYJeT1pViQ2LwBSBJytj3AB0o4IdLBoepgSgGl5MA==",
      "requires": {
        "@styled-system/core": "^5.1.2"
      }
    },
    "@styled-system/core": {
      "version": "5.1.2",
      "resolved": "https://registry.npmjs.org/@styled-system/core/-/core-5.1.2.tgz",
      "integrity": "sha512-XclBDdNIy7OPOsN4HBsawG2eiWfCcuFt6gxKn1x4QfMIgeO6TOlA2pZZ5GWZtIhCUqEPTgIBta6JXsGyCkLBYw==",
      "requires": {
        "object-assign": "^4.1.1"
      }
    },
    "@styled-system/css": {
      "version": "5.0.13",
      "resolved": "https://registry.npmjs.org/@styled-system/css/-/css-5.0.13.tgz",
      "integrity": "sha512-BN/d/zYw5jpBuhzRVpPLfqsFH6TaTjcROtiJcLzFkhc8RUM+AFp3n3pGTY0yoIqLEhYSU+z5frQ4yi7V5xb7NQ=="
    },
    "@styled-system/flexbox": {
      "version": "5.1.2",
      "resolved": "https://registry.npmjs.org/@styled-system/flexbox/-/flexbox-5.1.2.tgz",
      "integrity": "sha512-6hHV52+eUk654Y1J2v77B8iLeBNtc+SA3R4necsu2VVinSD7+XY5PCCEzBFaWs42dtOEDIa2lMrgL0YBC01mDQ==",
      "requires": {
        "@styled-system/core": "^5.1.2"
      }
    },
    "@styled-system/grid": {
      "version": "5.1.2",
      "resolved": "https://registry.npmjs.org/@styled-system/grid/-/grid-5.1.2.tgz",
      "integrity": "sha512-K3YiV1KyHHzgdNuNlaw8oW2ktMuGga99o1e/NAfTEi5Zsa7JXxzwEnVSDSBdJC+z6R8WYTCYRQC6bkVFcvdTeg==",
      "requires": {
        "@styled-system/core": "^5.1.2"
      }
    },
    "@styled-system/layout": {
      "version": "5.1.2",
      "resolved": "https://registry.npmjs.org/@styled-system/layout/-/layout-5.1.2.tgz",
      "integrity": "sha512-wUhkMBqSeacPFhoE9S6UF3fsMEKFv91gF4AdDWp0Aym1yeMPpqz9l9qS/6vjSsDPF7zOb5cOKC3tcKKOMuDCPw==",
      "requires": {
        "@styled-system/core": "^5.1.2"
      }
    },
    "@styled-system/position": {
      "version": "5.1.2",
      "resolved": "https://registry.npmjs.org/@styled-system/position/-/position-5.1.2.tgz",
      "integrity": "sha512-60IZfMXEOOZe3l1mCu6sj/2NAyUmES2kR9Kzp7s2D3P4qKsZWxD1Se1+wJvevb+1TP+ZMkGPEYYXRyU8M1aF5A==",
      "requires": {
        "@styled-system/core": "^5.1.2"
      }
    },
    "@styled-system/shadow": {
      "version": "5.1.2",
      "resolved": "https://registry.npmjs.org/@styled-system/shadow/-/shadow-5.1.2.tgz",
      "integrity": "sha512-wqniqYb7XuZM7K7C0d1Euxc4eGtqEe/lvM0WjuAFsQVImiq6KGT7s7is+0bNI8O4Dwg27jyu4Lfqo/oIQXNzAg==",
      "requires": {
        "@styled-system/core": "^5.1.2"
      }
    },
    "@styled-system/should-forward-prop": {
      "version": "5.0.12",
      "resolved": "https://registry.npmjs.org/@styled-system/should-forward-prop/-/should-forward-prop-5.0.12.tgz",
      "integrity": "sha512-522JcIdL6cCgyhUjFTj+2/3roNnZiG0u/o4uPbMuQ/G1MjHoWccuayoYXk+sdLc9K4JbJKyVCXJD2oVw0BfxDA==",
      "requires": {
        "@emotion/is-prop-valid": "^0.8.1",
        "@emotion/memoize": "^0.7.1",
        "styled-system": "^5.0.12"
      },
      "dependencies": {
        "styled-system": {
          "version": "5.1.5",
          "resolved": "https://registry.npmjs.org/styled-system/-/styled-system-5.1.5.tgz",
          "integrity": "sha512-7VoD0o2R3RKzOzPK0jYrVnS8iJdfkKsQJNiLRDjikOpQVqQHns/DXWaPZOH4tIKkhAT7I6wIsy9FWTWh2X3q+A==",
          "requires": {
            "@styled-system/background": "^5.1.2",
            "@styled-system/border": "^5.1.5",
            "@styled-system/color": "^5.1.2",
            "@styled-system/core": "^5.1.2",
            "@styled-system/flexbox": "^5.1.2",
            "@styled-system/grid": "^5.1.2",
            "@styled-system/layout": "^5.1.2",
            "@styled-system/position": "^5.1.2",
            "@styled-system/shadow": "^5.1.2",
            "@styled-system/space": "^5.1.2",
            "@styled-system/typography": "^5.1.2",
            "@styled-system/variant": "^5.1.5",
            "object-assign": "^4.1.1"
          }
        }
      }
    },
    "@styled-system/space": {
      "version": "5.1.2",
      "resolved": "https://registry.npmjs.org/@styled-system/space/-/space-5.1.2.tgz",
      "integrity": "sha512-+zzYpR8uvfhcAbaPXhH8QgDAV//flxqxSjHiS9cDFQQUSznXMQmxJegbhcdEF7/eNnJgHeIXv1jmny78kipgBA==",
      "requires": {
        "@styled-system/core": "^5.1.2"
      }
    },
    "@styled-system/theme-get": {
      "version": "5.0.5",
      "resolved": "https://registry.npmjs.org/@styled-system/theme-get/-/theme-get-5.0.5.tgz",
      "integrity": "sha512-srx+7b46LgG48aUuNJHDyRSrHIjN3iV4YTsmPLenn1tw3XUkG33F/DBIuXpGm8YsEGHid7rljwQd1saOTzwPxA==",
      "requires": {
        "@styled-system/core": "^5.0.5"
      }
    },
    "@styled-system/typography": {
      "version": "5.1.2",
      "resolved": "https://registry.npmjs.org/@styled-system/typography/-/typography-5.1.2.tgz",
      "integrity": "sha512-BxbVUnN8N7hJ4aaPOd7wEsudeT7CxarR+2hns8XCX1zp0DFfbWw4xYa/olA0oQaqx7F1hzDg+eRaGzAJbF+jOg==",
      "requires": {
        "@styled-system/core": "^5.1.2"
      }
    },
    "@styled-system/variant": {
      "version": "5.1.5",
      "resolved": "https://registry.npmjs.org/@styled-system/variant/-/variant-5.1.5.tgz",
      "integrity": "sha512-Yn8hXAFoWIro8+Q5J8YJd/mP85Teiut3fsGVR9CAxwgNfIAiqlYxsk5iHU7VHJks/0KjL4ATSjmbtCDC/4l1qw==",
      "requires": {
        "@styled-system/core": "^5.1.2",
        "@styled-system/css": "^5.1.5"
      },
      "dependencies": {
        "@styled-system/css": {
          "version": "5.1.5",
          "resolved": "https://registry.npmjs.org/@styled-system/css/-/css-5.1.5.tgz",
          "integrity": "sha512-XkORZdS5kypzcBotAMPBoeckDs9aSZVkvrAlq5K3xP8IMAUek+x2O4NtwoSgkYkWWzVBu6DGdFZLR790QWGG+A=="
        }
      }
    },
    "@types/prop-types": {
      "version": "15.7.3",
      "resolved": "https://registry.npmjs.org/@types/prop-types/-/prop-types-15.7.3.tgz",
      "integrity": "sha512-KfRL3PuHmqQLOG+2tGpRO26Ctg+Cq1E01D2DMriKEATHgWLfeNDmq9e29Q9WIky0dQ3NPkd1mzYH8Lm936Z9qw=="
    },
    "@types/react": {
      "version": "16.14.5",
      "resolved": "https://registry.npmjs.org/@types/react/-/react-16.14.5.tgz",
      "integrity": "sha512-YRRv9DNZhaVTVRh9Wmmit7Y0UFhEVqXqCSw3uazRWMxa2x85hWQZ5BN24i7GXZbaclaLXEcodEeIHsjBA8eAMw==",
      "requires": {
        "@types/prop-types": "*",
        "@types/scheduler": "*",
        "csstype": "^3.0.2"
      },
      "dependencies": {
        "csstype": {
          "version": "3.0.7",
          "resolved": "https://registry.npmjs.org/csstype/-/csstype-3.0.7.tgz",
          "integrity": "sha512-KxnUB0ZMlnUWCsx2Z8MUsr6qV6ja1w9ArPErJaJaF8a5SOWoHLIszeCTKGRGRgtLgYrs1E8CHkNSP1VZTTPc9g=="
        }
      }
    },
    "@types/react-dom": {
      "version": "16.9.12",
      "resolved": "https://registry.npmjs.org/@types/react-dom/-/react-dom-16.9.12.tgz",
      "integrity": "sha512-i7NPZZpPte3jtVOoW+eLB7G/jsX5OM6GqQnH+lC0nq0rqwlK0x8WcMEvYDgFWqWhWMlTltTimzdMax6wYfZssA==",
      "requires": {
        "@types/react": "^16"
      }
    },
    "@types/scheduler": {
      "version": "0.16.1",
      "resolved": "https://registry.npmjs.org/@types/scheduler/-/scheduler-0.16.1.tgz",
      "integrity": "sha512-EaCxbanVeyxDRTQBkdLb3Bvl/HK7PBK6UJjsSixB0iHKoWxE5uu2Q/DgtpOhPIojN0Zl1whvOd7PoHs2P0s5eA=="
    },
    "@types/styled-system": {
      "version": "5.0.1",
      "resolved": "https://registry.npmjs.org/@types/styled-system/-/styled-system-5.0.1.tgz",
      "integrity": "sha512-LulwelnGe9yU95yDqB+g9uD0gAn1S3KQyWWKXAOl6uwWtd4lS+q+oGlyHENL+m5zYBNbM5Qi1zoYYLelW29/pg==",
      "requires": {
        "csstype": "^2.6.4"
      }
    },
    "@use-it/event-listener": {
      "version": "0.1.6",
      "resolved": "https://registry.npmjs.org/@use-it/event-listener/-/event-listener-0.1.6.tgz",
      "integrity": "sha512-e6V7vbU8xpuqy4GZkTLExHffOFgxmGHo3kNWnlhzM/zcX2v+idbD/HaJ9sKdQMgTh+L7MIhdRDXGX3SdAViZzA=="
    },
    "asap": {
      "version": "2.0.6",
      "resolved": "https://registry.npmjs.org/asap/-/asap-2.0.6.tgz",
      "integrity": "sha1-5QNHYR1+aQlDIIu9r+vLwvuGbUY="
    },
    "chakra-ui": {
      "version": "0.3.9",
      "resolved": "https://registry.npmjs.org/chakra-ui/-/chakra-ui-0.3.9.tgz",
      "integrity": "sha512-cRWcstsTvCQ4Q0tmmO8M186csuq/E9BYKklo20dY1soccAJlgKc44rbp2CCBMtJUPgFFa3MYdl0fw5OFFenIBQ==",
      "requires": {
        "@reach/alert": "0.1.5",
        "@reach/alert-dialog": "0.2.9",
        "@reach/auto-id": "0.2.0",
        "@reach/dialog": "0.2.9",
        "@reach/portal": "0.2.1",
        "@styled-system/css": "5.0.13",
        "@styled-system/should-forward-prop": "5.0.12",
        "@styled-system/theme-get": "5.0.5",
        "@types/styled-system": "5.0.1",
        "color": "3.1.2",
        "react-animate-height": "2.0.9",
        "react-focus-lock": "1.19.1",
        "react-popper": "1.3.3",
        "react-spring": "8.0.23",
        "styled-system": "5.0.5",
        "toasted-notes": "2.1.6",
        "use-dark-mode": "2.3.1"
      }
    },
    "classnames": {
      "version": "2.3.1",
      "resolved": "https://registry.npmjs.org/classnames/-/classnames-2.3.1.tgz",
      "integrity": "sha512-OlQdbZ7gLfGarSqxesMesDa5uz7KFbID8Kpq/SxIoNGDqY8lSYs0D+hhtBXhcdB3rcbXArFr7vlHheLk1voeNA=="
    },
    "color": {
      "version": "3.1.2",
      "resolved": "https://registry.npmjs.org/color/-/color-3.1.2.tgz",
      "integrity": "sha512-vXTJhHebByxZn3lDvDJYw4lR5+uB3vuoHsuYA5AKuxRVn5wzzIfQKGLBmgdVRHKTJYeK5rvJcHnrd0Li49CFpg==",
      "requires": {
        "color-convert": "^1.9.1",
        "color-string": "^1.5.2"
      },
      "dependencies": {
        "color-convert": {
          "version": "1.9.3",
          "resolved": "https://registry.npmjs.org/color-convert/-/color-convert-1.9.3.tgz",
          "integrity": "sha512-QfAUtd+vFdAtFQcC8CCyYt1fYWxSqAiK2cSD6zDB8N3cpsEBAvRxp9zOGg6G/SHHJYAT88/az/IuDGALsNVbGg==",
          "requires": {
            "color-name": "1.1.3"
          }
        },
        "color-name": {
          "version": "1.1.3",
          "resolved": "https://registry.npmjs.org/color-name/-/color-name-1.1.3.tgz",
          "integrity": "sha1-p9BVi9icQveV3UIyj3QIMcpTvCU="
        }
      }
    },
    "color-string": {
      "version": "1.5.5",
      "resolved": "https://registry.npmjs.org/color-string/-/color-string-1.5.5.tgz",
      "integrity": "sha512-jgIoum0OfQfq9Whcfc2z/VhCNcmQjWbey6qBX0vqt7YICflUmBCh9E9CiQD5GSJ+Uehixm3NUwHVhqUAWRivZg==",
      "requires": {
        "color-name": "^1.0.0",
        "simple-swizzle": "^0.2.2"
      },
      "dependencies": {
        "color-name": {
          "version": "1.1.4",
          "resolved": "https://registry.npmjs.org/color-name/-/color-name-1.1.4.tgz",
          "integrity": "sha512-dOy+3AuW3a2wNbZHIuMZpTcgjGuLU/uBL/ubcZF9OXbDo8ff4O8yVp5Bf0efS8uEoYo5q4Fx7dY9OgQGXgAsQA=="
        }
      }
    },
    "core-js": {
      "version": "1.2.7",
      "resolved": "https://registry.npmjs.org/core-js/-/core-js-1.2.7.tgz",
      "integrity": "sha1-ZSKUwUZR2yj6k70tX/KYOk8IxjY="
    },
    "create-react-context": {
      "version": "0.2.2",
      "resolved": "https://registry.npmjs.org/create-react-context/-/create-react-context-0.2.2.tgz",
      "integrity": "sha512-KkpaLARMhsTsgp0d2NA/R94F/eDLbhXERdIq3LvX2biCAXcDvHYoOqHfWCHf1+OLj+HKBotLG3KqaOOf+C1C+A==",
      "requires": {
        "fbjs": "^0.8.0",
        "gud": "^1.0.0"
      }
    },
    "csstype": {
      "version": "2.6.16",
      "resolved": "https://registry.npmjs.org/csstype/-/csstype-2.6.16.tgz",
      "integrity": "sha512-61FBWoDHp/gRtsoDkq/B1nWrCUG/ok1E3tUrcNbZjsE9Cxd9yzUirjS3+nAATB8U4cTtaQmAHbNndoFz5L6C9Q=="
    },
    "encoding": {
      "version": "0.1.13",
      "resolved": "https://registry.npmjs.org/encoding/-/encoding-0.1.13.tgz",
      "integrity": "sha512-ETBauow1T35Y/WZMkio9jiM0Z5xjHHmJ4XmjZOq1l/dXz3lr2sRn87nJy20RupqSh1F2m3HHPSp8ShIPQJrJ3A==",
      "requires": {
        "iconv-lite": "^0.6.2"
      }
    },
    "fbjs": {
      "version": "0.8.17",
      "resolved": "https://registry.npmjs.org/fbjs/-/fbjs-0.8.17.tgz",
      "integrity": "sha1-xNWY6taUkRJlPWWIsBpc3Nn5D90=",
      "requires": {
        "core-js": "^1.0.0",
        "isomorphic-fetch": "^2.1.1",
        "loose-envify": "^1.0.0",
        "object-assign": "^4.1.0",
        "promise": "^7.1.1",
        "setimmediate": "^1.0.5",
        "ua-parser-js": "^0.7.18"
      }
    },
    "fluids": {
      "version": "0.2.8",
      "resolved": "https://registry.npmjs.org/fluids/-/fluids-0.2.8.tgz",
      "integrity": "sha512-60W1IZZaIm7OeNKhlyxNgCqEt0t89ds+RODxiWy6BVgaolK1eXFCamIEmxdAx8o83XtuH1haIl5QkOX2nff9wA=="
    },
    "focus-lock": {
      "version": "0.6.8",
      "resolved": "https://registry.npmjs.org/focus-lock/-/focus-lock-0.6.8.tgz",
      "integrity": "sha512-vkHTluRCoq9FcsrldC0ulQHiyBYgVJB2CX53I8r0nTC6KnEij7Of0jpBspjt3/CuNb6fyoj3aOh9J2HgQUM0og=="
    },
    "gud": {
      "version": "1.0.0",
      "resolved": "https://registry.npmjs.org/gud/-/gud-1.0.0.tgz",
      "integrity": "sha512-zGEOVKFM5sVPPrYs7J5/hYEw2Pof8KCyOwyhG8sAF26mCAeUFAcYPu1mwB7hhpIP29zOIBaDqwuHdLp0jvZXjw=="
    },
    "iconv-lite": {
      "version": "0.6.2",
      "resolved": "https://registry.npmjs.org/iconv-lite/-/iconv-lite-0.6.2.tgz",
      "integrity": "sha512-2y91h5OpQlolefMPmUlivelittSWy0rP+oYVpn6A7GwVHNE8AWzoYOBNmlwks3LobaJxgHCYZAnyNo2GgpNRNQ==",
      "requires": {
        "safer-buffer": ">= 2.1.2 < 3.0.0"
      }
    },
    "invariant": {
      "version": "2.2.4",
      "resolved": "https://registry.npmjs.org/invariant/-/invariant-2.2.4.tgz",
      "integrity": "sha512-phJfQVBuaJM5raOpJjSfkiD6BpbCE4Ns//LaXl6wGYtUBY83nWS6Rf9tXm2e8VaK60JEjYldbPif/A2B1C2gNA==",
      "requires": {
        "loose-envify": "^1.0.0"
      }
    },
    "is-arrayish": {
      "version": "0.3.2",
      "resolved": "https://registry.npmjs.org/is-arrayish/-/is-arrayish-0.3.2.tgz",
      "integrity": "sha512-eVRqCvVlZbuw3GrM63ovNSNAeA1K16kaR/LRY/92w0zxQ5/1YzwblUX652i4Xs9RwAGjW9d9y6X88t8OaAJfWQ=="
    },
    "is-stream": {
      "version": "1.1.0",
      "resolved": "https://registry.npmjs.org/is-stream/-/is-stream-1.1.0.tgz",
      "integrity": "sha1-EtSj3U5o4Lec6428hBc66A2RykQ="
    },
    "isomorphic-fetch": {
      "version": "2.2.1",
      "resolved": "https://registry.npmjs.org/isomorphic-fetch/-/isomorphic-fetch-2.2.1.tgz",
      "integrity": "sha1-YRrhrPFPXoH3KVB0coGf6XM1WKk=",
      "requires": {
        "node-fetch": "^1.0.1",
        "whatwg-fetch": ">=0.10.0"
      }
    },
    "js-tokens": {
      "version": "4.0.0",
      "resolved": "https://registry.npmjs.org/js-tokens/-/js-tokens-4.0.0.tgz",
      "integrity": "sha512-RdJUflcE3cUzKiMqQgsCu06FPu9UdIJO0beYbPhHN4k6apgJtifcoCtT9bcxOpYBtpD2kCM6Sbzg4CausW/PKQ=="
    },
    "loose-envify": {
      "version": "1.4.0",
      "resolved": "https://registry.npmjs.org/loose-envify/-/loose-envify-1.4.0.tgz",
      "integrity": "sha512-lyuxPGr/Wfhrlem2CL/UcnUc1zcqKAImBDzukY7Y5F/yQiNdko6+fRLevlw1HgMySw7f611UIY408EtxRSoK3Q==",
      "requires": {
        "js-tokens": "^3.0.0 || ^4.0.0"
      }
    },
    "node-fetch": {
      "version": "1.7.3",
      "resolved": "https://registry.npmjs.org/node-fetch/-/node-fetch-1.7.3.tgz",
      "integrity": "sha512-NhZ4CsKx7cYm2vSrBAr2PvFOe6sWDf0UYLRqA6svUYg7+/TSfVAu49jYC4BvQ4Sms9SZgdqGBgroqfDhJdTyKQ==",
      "requires": {
        "encoding": "^0.1.11",
        "is-stream": "^1.0.1"
      }
    },
    "object-assign": {
      "version": "4.1.1",
      "resolved": "https://registry.npmjs.org/object-assign/-/object-assign-4.1.1.tgz",
      "integrity": "sha1-IQmtx5ZYh8/AXLvUQsrIv7s2CGM="
    },
    "popper.js": {
      "version": "1.16.1",
      "resolved": "https://registry.npmjs.org/popper.js/-/popper.js-1.16.1.tgz",
      "integrity": "sha512-Wb4p1J4zyFTbM+u6WuO4XstYx4Ky9Cewe4DWrel7B0w6VVICvPwdOpotjzcf6eD8TsckVnIMNONQyPIUFOUbCQ=="
    },
    "promise": {
      "version": "7.3.1",
      "resolved": "https://registry.npmjs.org/promise/-/promise-7.3.1.tgz",
      "integrity": "sha512-nolQXZ/4L+bP/UGlkfaIujX9BKxGwmQ9OT4mOt5yvy8iK1h3wqTEJCijzGANTCCl9nWjY41juyAn2K3Q1hLLTg==",
      "requires": {
        "asap": "~2.0.3"
      }
    },
    "prop-types": {
      "version": "15.7.2",
      "resolved": "https://registry.npmjs.org/prop-types/-/prop-types-15.7.2.tgz",
      "integrity": "sha512-8QQikdH7//R2vurIJSutZ1smHYTcLpRWEOlHnzcWHmBYrOGUysKwSsrC89BCiFj3CbrfJ/nXFdJepOVrY1GCHQ==",
      "requires": {
        "loose-envify": "^1.4.0",
        "object-assign": "^4.1.1",
        "react-is": "^16.8.1"
      }
    },
    "rafz": {
      "version": "0.1.14",
      "resolved": "https://registry.npmjs.org/rafz/-/rafz-0.1.14.tgz",
      "integrity": "sha512-YiQkedSt1urYtYbvHhTQR3l67M8SZbUvga5eJFM/v4vx/GmDdtXlE2hjJIyRjhhO/PjcdGC+CXCYOUA4onit8w=="
    },
    "react-animate-height": {
      "version": "2.0.9",
      "resolved": "https://registry.npmjs.org/react-animate-height/-/react-animate-height-2.0.9.tgz",
      "integrity": "sha512-zIM8+TNw17ZgKo2Q5J342epAmZTjeUOZULoqOSIWz2xFn6UbSSTlLahFJS8RPndTjY2/BdBCGzDbi2aWIELtJw==",
      "requires": {
        "classnames": "^2.2.5",
        "prop-types": "^15.6.1"
      }
    },
    "react-clientside-effect": {
      "version": "1.2.5",
      "resolved": "https://registry.npmjs.org/react-clientside-effect/-/react-clientside-effect-1.2.5.tgz",
      "integrity": "sha512-2bL8qFW1TGBHozGGbVeyvnggRpMjibeZM2536AKNENLECutp2yfs44IL8Hmpn8qjFQ2K7A9PnYf3vc7aQq/cPA==",
      "requires": {
        "@babel/runtime": "^7.12.13"
      }
    },
    "react-focus-lock": {
      "version": "1.19.1",
      "resolved": "https://registry.npmjs.org/react-focus-lock/-/react-focus-lock-1.19.1.tgz",
      "integrity": "sha512-TPpfiack1/nF4uttySfpxPk4rGZTLXlaZl7ncZg/ELAk24Iq2B1UUaUioID8H8dneUXqznT83JTNDHDj+kwryw==",
      "requires": {
        "@babel/runtime": "^7.0.0",
        "focus-lock": "^0.6.3",
        "prop-types": "^15.6.2",
        "react-clientside-effect": "^1.2.0"
      }
    },
    "react-is": {
      "version": "16.13.1",
      "resolved": "https://registry.npmjs.org/react-is/-/react-is-16.13.1.tgz",
      "integrity": "sha512-24e6ynE2H+OKt4kqsOvNd8kBpV65zoxbA4BVsEOB3ARVWQki/DHzaUoC5KuON/BiccDaCCTZBuOcfZs70kR8bQ=="
    },
    "react-layout-effect": {
      "version": "1.0.5",
      "resolved": "https://registry.npmjs.org/react-layout-effect/-/react-layout-effect-1.0.5.tgz",
      "integrity": "sha512-zdRXHuch+OBHU6bvjTelOGUCM+UDr/iCY+c0wXLEAc+G4/FlcJruD/hUOzlKH5XgO90Y/BUJPNhI/g9kl+VAsA=="
    },
    "react-popper": {
      "version": "1.3.3",
      "resolved": "https://registry.npmjs.org/react-popper/-/react-popper-1.3.3.tgz",
      "integrity": "sha512-ynMZBPkXONPc5K4P5yFWgZx5JGAUIP3pGGLNs58cfAPgK67olx7fmLp+AdpZ0+GoQ+ieFDa/z4cdV6u7sioH6w==",
      "requires": {
        "@babel/runtime": "^7.1.2",
        "create-react-context": "<=0.2.2",
        "popper.js": "^1.14.4",
        "prop-types": "^15.6.1",
        "typed-styles": "^0.0.7",
        "warning": "^4.0.2"
      }
    },
    "react-remove-scroll": {
      "version": "1.0.8",
      "resolved": "https://registry.npmjs.org/react-remove-scroll/-/react-remove-scroll-1.0.8.tgz",
      "integrity": "sha512-AS6gFBO6T2CP0TgmDjq3Ip0Fz1HKyv+lzNrQAkJBSWGyOYaMWLMDy77mQJ7qEyy6fK0pI+Cz5x3X81/ux6SBew==",
      "requires": {
        "react-remove-scroll-bar": "^1.1.5",
        "tslib": "^1.0.0"
      }
    },
    "react-remove-scroll-bar": {
      "version": "1.2.0",
      "resolved": "https://registry.npmjs.org/react-remove-scroll-bar/-/react-remove-scroll-bar-1.2.0.tgz",
      "integrity": "sha512-8xSYR6xgW8QW65k38qB1Sh6ouTRjZ7BEteepR9tACd1rSaRyVYWabFxYLNOr4l1blZlqb81GEmDpUoPm7LsUTA==",
      "requires": {
        "react-style-singleton": "^1.1.0",
        "tslib": "^1.0.0"
      }
    },
    "react-spring": {
      "version": "8.0.23",
      "resolved": "https://registry.npmjs.org/react-spring/-/react-spring-8.0.23.tgz",
      "integrity": "sha512-2mp7+0DnoBQ67h2zY0rFztdMqSm8gdvSWHgfwKz4TbLQ+N4n2IauB6DCMc046K8uvUNwDCUdlKgshUrCj14QUA==",
      "requires": {
        "@babel/runtime": "^7.3.1",
        "prop-types": "^15.5.8"
      }
    },
    "react-style-singleton": {
      "version": "1.1.1",
      "resolved": "https://registry.npmjs.org/react-style-singleton/-/react-style-singleton-1.1.1.tgz",
      "integrity": "sha512-0JD+XC5veR3oxf7GzIXipr89sM8R3rWnOR/gpzIV0DnoRBrcTvvkqyMu9icDYqM/6CWJhYcH5Jdy6Nim7PmoTQ==",
      "requires": {
        "invariant": "^2.2.4",
        "tslib": "^1.0.0"
      }
    },
    "regenerator-runtime": {
      "version": "0.13.7",
      "resolved": "https://registry.npmjs.org/regenerator-runtime/-/regenerator-runtime-0.13.7.tgz",
      "integrity": "sha512-a54FxoJDIr27pgf7IgeQGxmqUNYrcV338lf/6gH456HZ/PhX+5BcwHXG9ajESmwe6WRO0tAzRUrRmNONWgkrew=="
    },
    "safer-buffer": {
      "version": "2.1.2",
      "resolved": "https://registry.npmjs.org/safer-buffer/-/safer-buffer-2.1.2.tgz",
      "integrity": "sha512-YZo3K82SD7Riyi0E1EQPojLz7kpepnSQI9IyPbHHg1XXXevb5dJI7tpyN2ADxGcQbHG7vcyRHk0cbwqcQriUtg=="
    },
    "setimmediate": {
      "version": "1.0.5",
      "resolved": "https://registry.npmjs.org/setimmediate/-/setimmediate-1.0.5.tgz",
      "integrity": "sha1-KQy7Iy4waULX1+qbg3Mqt4VvgoU="
    },
    "simple-swizzle": {
      "version": "0.2.2",
      "resolved": "https://registry.npmjs.org/simple-swizzle/-/simple-swizzle-0.2.2.tgz",
      "integrity": "sha1-pNprY1/8zMoz9w0Xy5JZLeleVXo=",
      "requires": {
        "is-arrayish": "^0.3.1"
      }
    },
    "styled-system": {
      "version": "5.0.5",
      "resolved": "https://registry.npmjs.org/styled-system/-/styled-system-5.0.5.tgz",
      "integrity": "sha512-ylAQlaknwcjWPLmZeceKKe3Q8EsGZgKtgj7RHiL/ETBq/KzC+mNcpIcoPQwviuOx0O/yjcDwA/JUAVIbEAYArg==",
      "requires": {
        "@styled-system/background": "^5.0.5",
        "@styled-system/border": "^5.0.5",
        "@styled-system/color": "^5.0.5",
        "@styled-system/core": "^5.0.5",
        "@styled-system/flexbox": "^5.0.5",
        "@styled-system/grid": "^5.0.5",
        "@styled-system/layout": "^5.0.5",
        "@styled-system/position": "^5.0.5",
        "@styled-system/shadow": "^5.0.5",
        "@styled-system/space": "^5.0.5",
        "@styled-system/typography": "^5.0.5",
        "@styled-system/variant": "^5.0.5",
        "object-assign": "^4.1.1"
      }
    },
    "toasted-notes": {
      "version": "2.1.6",
      "resolved": "https://registry.npmjs.org/toasted-notes/-/toasted-notes-2.1.6.tgz",
      "integrity": "sha512-e4UWJ/zwFKL0/fxB0B2HzNz+G9VOMc8dqKWLNjU5gG86kr1dQ8dWArD9vUJhK4er3mbaB7ocyHEE+pLHIokwVw==",
      "requires": {
        "@reach/alert": "^0.1.2",
        "@types/react": "^16.8.10",
        "@types/react-dom": "^16.8.3",
        "react-spring": "^9.0.0-beta.20"
      },
      "dependencies": {
        "react-spring": {
          "version": "9.0.0",
          "resolved": "https://registry.npmjs.org/react-spring/-/react-spring-9.0.0.tgz",
          "integrity": "sha512-90s8beqIAKJA3VdmkGBEv8wZNAuhxE7ngKA5TGCd6Ya3wjyoZPzMR76vEYUSGv3Psu6q5R2dYXHh89LdlQTY1A==",
          "requires": {
            "@react-spring/core": "^9.0.0",
            "@react-spring/konva": "^9.0.0",
            "@react-spring/native": "^9.0.0",
            "@react-spring/three": "^9.0.0",
            "@react-spring/web": "^9.0.0",
            "@react-spring/zdog": "^9.0.0"
          }
        }
      }
    },
    "tslib": {
      "version": "1.14.1",
      "resolved": "https://registry.npmjs.org/tslib/-/tslib-1.14.1.tgz",
      "integrity": "sha512-Xni35NKzjgMrwevysHTCArtLDpPvye8zV/0E4EyYn43P7/7qvQwPh9BGkHewbMulVntbigmcT7rdX3BNo9wRJg=="
    },
    "typed-styles": {
      "version": "0.0.7",
      "resolved": "https://registry.npmjs.org/typed-styles/-/typed-styles-0.0.7.tgz",
      "integrity": "sha512-pzP0PWoZUhsECYjABgCGQlRGL1n7tOHsgwYv3oIiEpJwGhFTuty/YNeduxQYzXXa3Ge5BdT6sHYIQYpl4uJ+5Q=="
    },
    "ua-parser-js": {
      "version": "0.7.27",
      "resolved": "https://registry.npmjs.org/ua-parser-js/-/ua-parser-js-0.7.27.tgz",
      "integrity": "sha512-eXMaRYK2skomGocoX0x9sBXzx5A1ZVQgXfrW4mTc8dT0zS7olEcyfudAzRC5tIIRgLxQ69B6jut3DI+n5hslPA=="
    },
    "use-dark-mode": {
      "version": "2.3.1",
      "resolved": "https://registry.npmjs.org/use-dark-mode/-/use-dark-mode-2.3.1.tgz",
      "integrity": "sha512-hmcdJR96tTustRQdaQwe6jMrZHnmPqXBxgy4jaQ4gsfhwajsCpjECuq9prgDe9XxMx/f9r96o2/md6O4Lwhwjg==",
      "requires": {
        "@use-it/event-listener": "^0.1.2",
        "use-persisted-state": "^0.3.0"
      }
    },
    "use-persisted-state": {
      "version": "0.3.3",
      "resolved": "https://registry.npmjs.org/use-persisted-state/-/use-persisted-state-0.3.3.tgz",
      "integrity": "sha512-pCNlvYC8+XjRxwnIut4teGC9f2p9aD88R8OGseQGZa2dvqG/h1vEGk1vRE1IZG0Vf161UDpn+NlW4+UGubQflQ==",
      "requires": {
        "@use-it/event-listener": "^0.1.2"
      }
    },
    "warning": {
      "version": "4.0.3",
      "resolved": "https://registry.npmjs.org/warning/-/warning-4.0.3.tgz",
      "integrity": "sha512-rpJyN222KWIvHJ/F53XSZv0Zl/accqHR8et1kpaMTD/fLCRxtV8iX8czMzY7sVZupTI3zcUTg8eycS2kNF9l6w==",
      "requires": {
        "loose-envify": "^1.0.0"
      }
    },
    "whatwg-fetch": {
      "version": "3.6.2",
      "resolved": "https://registry.npmjs.org/whatwg-fetch/-/whatwg-fetch-3.6.2.tgz",
      "integrity": "sha512-bJlen0FcuU/0EMLrdbJ7zOnW6ITZLrZMIarMUVmdKtsGvZna8vxKYaexICWPfZ8qwf9fzNq+UEIZrnSaApt6RA=="
    }
  }
}
